{
  "version": 4,
  "terraform_version": "1.12.2",
  "serial": 84,
  "lineage": "0732c536-3453-48a4-d05c-2d29c3a2272c",
  "outputs": {
    "api_gateway_url": {
      "value": "https://qjbf3cq8da.execute-api.us-east-1.amazonaws.com/prod",
      "type": "string"
    },
    "cloudfront_domain_name": {
      "value": "dac62gu00dryk.cloudfront.net",
      "type": "string"
    },
    "lambda_function_arn": {
      "value": "arn:aws:lambda:us-east-1:533267010082:function:cfx-chatbot-lambda",
      "type": "string"
    },
    "lambda_function_name": {
      "value": "cfx-chatbot-lambda",
      "type": "string"
    },
    "project_name": {
      "value": "CloudForgeX",
      "type": "string"
    },
    "s3_bucket_domain_name": {
      "value": "cloudforgex-c8549e44.s3.amazonaws.com",
      "type": "string"
    },
    "s3_bucket_name": {
      "value": "cloudforgex-c8549e44",
      "type": "string"
    }
  },
  "resources": [
    {
      "module": "module.acm_certificate",
      "mode": "managed",
      "type": "aws_acm_certificate",
      "name": "cfx_acm_certificate",
      "provider": "provider[\"registry.terraform.io/hashicorp/aws\"]",
      "instances": [
        {
          "schema_version": 0,
          "attributes": {
            "arn": "arn:aws:acm:us-east-1:533267010082:certificate/4f31c7dc-5342-4bf5-ac92-b5cbf8547032",
            "certificate_authority_arn": "",
            "certificate_body": null,
            "certificate_chain": null,
            "domain_name": "jarredthomas.cloud",
            "domain_validation_options": [
              {
                "domain_name": "*.jarredthomas.cloud",
                "resource_record_name": "_5faccdb4a6962741dbd5ad5a907da6ef.jarredthomas.cloud.",
                "resource_record_type": "CNAME",
                "resource_record_value": "_29bf40bb0af4f569aac7c171138b5f98.xlfgrmvvlj.acm-validations.aws."
              },
              {
                "domain_name": "jarredthomas.cloud",
                "resource_record_name": "_5faccdb4a6962741dbd5ad5a907da6ef.jarredthomas.cloud.",
                "resource_record_type": "CNAME",
                "resource_record_value": "_29bf40bb0af4f569aac7c171138b5f98.xlfgrmvvlj.acm-validations.aws."
              }
            ],
            "early_renewal_duration": "",
            "id": "arn:aws:acm:us-east-1:533267010082:certificate/4f31c7dc-5342-4bf5-ac92-b5cbf8547032",
            "key_algorithm": "RSA_2048",
            "not_after": "2026-07-26T23:59:59Z",
            "not_before": "2025-06-27T00:00:00Z",
            "options": [
              {
                "certificate_transparency_logging_preference": "ENABLED"
              }
            ],
            "pending_renewal": false,
            "private_key": null,
            "region": "us-east-1",
            "renewal_eligibility": "ELIGIBLE",
            "renewal_summary": [],
            "status": "ISSUED",
            "subject_alternative_names": [
              "*.jarredthomas.cloud",
              "jarredthomas.cloud"
            ],
            "tags": {
              "Environment": "Dev",
              "Project_Name": "CloudForgeX"
            },
            "tags_all": {
              "Environment": "Dev",
              "Project_Name": "CloudForgeX"
            },
            "type": "AMAZON_ISSUED",
            "validation_emails": [],
            "validation_method": "DNS",
            "validation_option": []
          },
          "sensitive_attributes": [
            [
              {
                "type": "get_attr",
                "value": "private_key"
              }
            ]
          ],
          "identity_schema_version": 0,
          "identity": {
            "arn": "arn:aws:acm:us-east-1:533267010082:certificate/4f31c7dc-5342-4bf5-ac92-b5cbf8547032"
          },
          "private": "bnVsbA==",
          "create_before_destroy": true
        }
      ]
    },
    {
      "module": "module.acm_certificate",
      "mode": "managed",
      "type": "aws_acm_certificate_validation",
      "name": "cfx_cert_validation",
      "provider": "provider[\"registry.terraform.io/hashicorp/aws\"]",
      "instances": [
        {
          "schema_version": 0,
          "attributes": {
            "certificate_arn": "arn:aws:acm:us-east-1:533267010082:certificate/4f31c7dc-5342-4bf5-ac92-b5cbf8547032",
            "id": "2025-06-27 11:20:55.806 +0000 UTC",
            "region": "us-east-1",
            "timeouts": null,
            "validation_record_fqdns": [
              "_5faccdb4a6962741dbd5ad5a907da6ef.jarredthomas.cloud"
            ]
          },
          "sensitive_attributes": [],
          "identity_schema_version": 0,
          "private": "eyJlMmJmYjczMC1lY2FhLTExZTYtOGY4OC0zNDM2M2JjN2M0YzAiOnsiY3JlYXRlIjo0NTAwMDAwMDAwMDAwfX0=",
          "dependencies": [
            "module.acm_certificate.aws_acm_certificate.cfx_acm_certificate",
            "module.route53.aws_route53_record.cert_validation",
            "module.route53.data.aws_route53_zone.cfx_r53_zone"
          ]
        }
      ]
    },
    {
      "module": "module.api_gateway",
      "mode": "managed",
      "type": "aws_api_gateway_deployment",
      "name": "cfx_deployment",
      "provider": "provider[\"registry.terraform.io/hashicorp/aws\"]",
      "instances": [
        {
          "schema_version": 0,
          "attributes": {
            "created_date": "2025-07-06T19:04:55Z",
            "description": "",
            "id": "d3gxy1",
            "region": "us-east-1",
            "rest_api_id": "qjbf3cq8da",
            "triggers": null,
            "variables": null
          },
          "sensitive_attributes": [],
          "identity_schema_version": 0,
          "private": "bnVsbA==",
          "dependencies": [
            "module.api_gateway.aws_api_gateway_integration.cfx_options_integration",
            "module.api_gateway.aws_api_gateway_integration.cfx_post_integration",
            "module.api_gateway.aws_api_gateway_method.cfx_options_method",
            "module.api_gateway.aws_api_gateway_method.cfx_post_method",
            "module.api_gateway.aws_api_gateway_resource.cfx_api_gw",
            "module.api_gateway.aws_api_gateway_rest_api.cfx_rest_api",
            "module.iam.aws_iam_role.cfx_lambda_execution_role",
            "module.iam.aws_iam_role_policy.cfx_lambda_inline_policy",
            "module.lambda.aws_lambda_function.cfx_lambda_function",
            "module.lambda.data.archive_file.cfx_lambda"
          ],
          "create_before_destroy": true
        }
      ]
    },
    {
      "module": "module.api_gateway",
      "mode": "managed",
      "type": "aws_api_gateway_integration",
      "name": "cfx_options_integration",
      "provider": "provider[\"registry.terraform.io/hashicorp/aws\"]",
      "instances": [
        {
          "schema_version": 0,
          "attributes": {
            "cache_key_parameters": [],
            "cache_namespace": "0zqokh",
            "connection_id": "",
            "connection_type": "INTERNET",
            "content_handling": "",
            "credentials": "",
            "http_method": "OPTIONS",
            "id": "agi-qjbf3cq8da-0zqokh-OPTIONS",
            "integration_http_method": "",
            "passthrough_behavior": "WHEN_NO_MATCH",
            "region": "us-east-1",
            "request_parameters": {},
            "request_templates": {},
            "resource_id": "0zqokh",
            "rest_api_id": "qjbf3cq8da",
            "timeout_milliseconds": 29000,
            "tls_config": [],
            "type": "MOCK",
            "uri": ""
          },
          "sensitive_attributes": [],
          "identity_schema_version": 0,
          "private": "bnVsbA==",
          "dependencies": [
            "module.api_gateway.aws_api_gateway_method.cfx_options_method",
            "module.api_gateway.aws_api_gateway_resource.cfx_api_gw",
            "module.api_gateway.aws_api_gateway_rest_api.cfx_rest_api"
          ],
          "create_before_destroy": true
        }
      ]
    },
    {
      "module": "module.api_gateway",
      "mode": "managed",
      "type": "aws_api_gateway_integration",
      "name": "cfx_post_integration",
      "provider": "provider[\"registry.terraform.io/hashicorp/aws\"]",
      "instances": [
        {
          "schema_version": 0,
          "attributes": {
            "cache_key_parameters": null,
            "cache_namespace": "0zqokh",
            "connection_id": "",
            "connection_type": "INTERNET",
            "content_handling": "",
            "credentials": "",
            "http_method": "POST",
            "id": "agi-qjbf3cq8da-0zqokh-POST",
            "integration_http_method": "POST",
            "passthrough_behavior": "WHEN_NO_MATCH",
            "region": "us-east-1",
            "request_parameters": null,
            "request_templates": null,
            "resource_id": "0zqokh",
            "rest_api_id": "qjbf3cq8da",
            "timeout_milliseconds": 29000,
            "tls_config": [],
            "type": "AWS_PROXY",
            "uri": "arn:aws:apigateway:us-east-1:lambda:path/2015-03-31/functions/arn:aws:lambda:us-east-1:533267010082:function:cfx-chatbot-lambda/invocations"
          },
          "sensitive_attributes": [],
          "identity_schema_version": 0,
          "private": "bnVsbA==",
          "dependencies": [
            "module.api_gateway.aws_api_gateway_resource.cfx_api_gw",
            "module.api_gateway.aws_api_gateway_rest_api.cfx_rest_api",
            "module.iam.aws_iam_role.cfx_lambda_execution_role",
            "module.iam.aws_iam_role_policy.cfx_lambda_inline_policy",
            "module.lambda.aws_lambda_function.cfx_lambda_function",
            "module.lambda.data.archive_file.cfx_lambda"
          ],
          "create_before_destroy": true
        }
      ]
    },
    {
      "module": "module.api_gateway",
      "mode": "managed",
      "type": "aws_api_gateway_integration_response",
      "name": "cfx_options_integration_response",
      "provider": "provider[\"registry.terraform.io/hashicorp/aws\"]",
      "instances": [
        {
          "schema_version": 0,
          "attributes": {
            "content_handling": "",
            "http_method": "OPTIONS",
            "id": "agir-qjbf3cq8da-0zqokh-OPTIONS-200",
            "region": "us-east-1",
            "resource_id": "0zqokh",
            "response_parameters": {
              "method.response.header.Access-Control-Allow-Headers": "'Content-Type,Authorization'",
              "method.response.header.Access-Control-Allow-Methods": "'POST,OPTIONS'",
              "method.response.header.Access-Control-Allow-Origin": "'https://www.jarredthomas.cloud'"
            },
            "response_templates": null,
            "rest_api_id": "qjbf3cq8da",
            "selection_pattern": "",
            "status_code": "200"
          },
          "sensitive_attributes": [],
          "identity_schema_version": 0,
          "private": "bnVsbA==",
          "dependencies": [
            "module.api_gateway.aws_api_gateway_method.cfx_options_method",
            "module.api_gateway.aws_api_gateway_method_response.cfx_options_response",
            "module.api_gateway.aws_api_gateway_resource.cfx_api_gw",
            "module.api_gateway.aws_api_gateway_rest_api.cfx_rest_api"
          ]
        }
      ]
    },
    {
      "module": "module.api_gateway",
      "mode": "managed",
      "type": "aws_api_gateway_method",
      "name": "cfx_options_method",
      "provider": "provider[\"registry.terraform.io/hashicorp/aws\"]",
      "instances": [
        {
          "schema_version": 0,
          "attributes": {
            "api_key_required": false,
            "authorization": "NONE",
            "authorization_scopes": [],
            "authorizer_id": "",
            "http_method": "OPTIONS",
            "id": "agm-qjbf3cq8da-0zqokh-OPTIONS",
            "operation_name": "",
            "region": "us-east-1",
            "request_models": {},
            "request_parameters": {},
            "request_validator_id": "",
            "resource_id": "0zqokh",
            "rest_api_id": "qjbf3cq8da"
          },
          "sensitive_attributes": [],
          "identity_schema_version": 0,
          "private": "bnVsbA==",
          "dependencies": [
            "module.api_gateway.aws_api_gateway_resource.cfx_api_gw",
            "module.api_gateway.aws_api_gateway_rest_api.cfx_rest_api"
          ],
          "create_before_destroy": true
        }
      ]
    },
    {
      "module": "module.api_gateway",
      "mode": "managed",
      "type": "aws_api_gateway_method",
      "name": "cfx_post_method",
      "provider": "provider[\"registry.terraform.io/hashicorp/aws\"]",
      "instances": [
        {
          "schema_version": 0,
          "attributes": {
            "api_key_required": false,
            "authorization": "NONE",
            "authorization_scopes": [],
            "authorizer_id": "",
            "http_method": "POST",
            "id": "agm-qjbf3cq8da-0zqokh-POST",
            "operation_name": "",
            "region": "us-east-1",
            "request_models": {},
            "request_parameters": {},
            "request_validator_id": "",
            "resource_id": "0zqokh",
            "rest_api_id": "qjbf3cq8da"
          },
          "sensitive_attributes": [],
          "identity_schema_version": 0,
          "private": "bnVsbA==",
          "dependencies": [
            "module.api_gateway.aws_api_gateway_resource.cfx_api_gw",
            "module.api_gateway.aws_api_gateway_rest_api.cfx_rest_api"
          ],
          "create_before_destroy": true
        }
      ]
    },
    {
      "module": "module.api_gateway",
      "mode": "managed",
      "type": "aws_api_gateway_method_response",
      "name": "cfx_options_response",
      "provider": "provider[\"registry.terraform.io/hashicorp/aws\"]",
      "instances": [
        {
          "schema_version": 0,
          "attributes": {
            "http_method": "OPTIONS",
            "id": "agmr-qjbf3cq8da-0zqokh-OPTIONS-200",
            "region": "us-east-1",
            "resource_id": "0zqokh",
            "response_models": null,
            "response_parameters": {
              "method.response.header.Access-Control-Allow-Headers": true,
              "method.response.header.Access-Control-Allow-Methods": true,
              "method.response.header.Access-Control-Allow-Origin": true
            },
            "rest_api_id": "qjbf3cq8da",
            "status_code": "200"
          },
          "sensitive_attributes": [],
          "identity_schema_version": 0,
          "private": "bnVsbA==",
          "dependencies": [
            "module.api_gateway.aws_api_gateway_method.cfx_options_method",
            "module.api_gateway.aws_api_gateway_resource.cfx_api_gw",
            "module.api_gateway.aws_api_gateway_rest_api.cfx_rest_api"
          ]
        }
      ]
    },
    {
      "module": "module.api_gateway",
      "mode": "managed",
      "type": "aws_api_gateway_resource",
      "name": "cfx_api_gw",
      "provider": "provider[\"registry.terraform.io/hashicorp/aws\"]",
      "instances": [
        {
          "schema_version": 0,
          "attributes": {
            "id": "0zqokh",
            "parent_id": "d4bxdwvlaf",
            "path": "/chat",
            "path_part": "chat",
            "region": "us-east-1",
            "rest_api_id": "qjbf3cq8da"
          },
          "sensitive_attributes": [],
          "identity_schema_version": 0,
          "private": "bnVsbA==",
          "dependencies": [
            "module.api_gateway.aws_api_gateway_rest_api.cfx_rest_api"
          ],
          "create_before_destroy": true
        }
      ]
    },
    {
      "module": "module.api_gateway",
      "mode": "managed",
      "type": "aws_api_gateway_rest_api",
      "name": "cfx_rest_api",
      "provider": "provider[\"registry.terraform.io/hashicorp/aws\"]",
      "instances": [
        {
          "schema_version": 0,
          "attributes": {
            "api_key_source": "HEADER",
            "arn": "arn:aws:apigateway:us-east-1::/restapis/qjbf3cq8da",
            "binary_media_types": [],
            "body": null,
            "created_date": "2025-07-06T18:48:17Z",
            "description": "Main API Gateway",
            "disable_execute_api_endpoint": false,
            "endpoint_configuration": [
              {
                "ip_address_type": "ipv4",
                "types": [
                  "EDGE"
                ],
                "vpc_endpoint_ids": []
              }
            ],
            "execution_arn": "arn:aws:execute-api:us-east-1:533267010082:qjbf3cq8da",
            "fail_on_warnings": null,
            "id": "qjbf3cq8da",
            "minimum_compression_size": "",
            "name": "cfx-chatbot-api",
            "parameters": null,
            "policy": "",
            "put_rest_api_mode": null,
            "region": "us-east-1",
            "root_resource_id": "d4bxdwvlaf",
            "tags": {},
            "tags_all": {}
          },
          "sensitive_attributes": [],
          "identity_schema_version": 0,
          "private": "bnVsbA==",
          "create_before_destroy": true
        }
      ]
    },
    {
      "module": "module.api_gateway",
      "mode": "managed",
      "type": "aws_api_gateway_stage",
      "name": "cfx_stage",
      "provider": "provider[\"registry.terraform.io/hashicorp/aws\"]",
      "instances": [
        {
          "schema_version": 0,
          "attributes": {
            "access_log_settings": [],
            "arn": "arn:aws:apigateway:us-east-1::/restapis/qjbf3cq8da/stages/prod",
            "cache_cluster_enabled": false,
            "cache_cluster_size": "",
            "canary_settings": [],
            "client_certificate_id": "",
            "deployment_id": "d3gxy1",
            "description": "",
            "documentation_version": "",
            "execution_arn": "arn:aws:execute-api:us-east-1:533267010082:qjbf3cq8da/prod",
            "id": "ags-qjbf3cq8da-prod",
            "invoke_url": "https://qjbf3cq8da.execute-api.us-east-1.amazonaws.com/prod",
            "region": "us-east-1",
            "rest_api_id": "qjbf3cq8da",
            "stage_name": "prod",
            "tags": null,
            "tags_all": {},
            "variables": null,
            "web_acl_arn": "",
            "xray_tracing_enabled": false
          },
          "sensitive_attributes": [],
          "identity_schema_version": 0,
          "private": "bnVsbA==",
          "dependencies": [
            "module.api_gateway.aws_api_gateway_deployment.cfx_deployment",
            "module.api_gateway.aws_api_gateway_integration.cfx_options_integration",
            "module.api_gateway.aws_api_gateway_integration.cfx_post_integration",
            "module.api_gateway.aws_api_gateway_method.cfx_options_method",
            "module.api_gateway.aws_api_gateway_method.cfx_post_method",
            "module.api_gateway.aws_api_gateway_resource.cfx_api_gw",
            "module.api_gateway.aws_api_gateway_rest_api.cfx_rest_api",
            "module.iam.aws_iam_role.cfx_lambda_execution_role",
            "module.iam.aws_iam_role_policy.cfx_lambda_inline_policy",
            "module.lambda.aws_lambda_function.cfx_lambda_function",
            "module.lambda.data.archive_file.cfx_lambda"
          ]
        }
      ]
    },
    {
      "module": "module.api_gateway",
      "mode": "managed",
      "type": "aws_lambda_permission",
      "name": "cfx_lambda_permission",
      "provider": "provider[\"registry.terraform.io/hashicorp/aws\"]",
      "instances": [
        {
          "schema_version": 0,
          "attributes": {
            "action": "lambda:InvokeFunction",
            "event_source_token": null,
            "function_name": "cfx-chatbot-lambda",
            "function_url_auth_type": null,
            "id": "AllowExecutionFromAPIGateway",
            "principal": "apigateway.amazonaws.com",
            "principal_org_id": null,
            "qualifier": "",
            "region": "us-east-1",
            "source_account": null,
            "source_arn": "arn:aws:execute-api:us-east-1:533267010082:qjbf3cq8da/*/*",
            "statement_id": "AllowExecutionFromAPIGateway",
            "statement_id_prefix": ""
          },
          "sensitive_attributes": [],
          "identity_schema_version": 0,
          "private": "bnVsbA==",
          "dependencies": [
            "module.api_gateway.aws_api_gateway_rest_api.cfx_rest_api",
            "module.iam.aws_iam_role.cfx_lambda_execution_role",
            "module.iam.aws_iam_role_policy.cfx_lambda_inline_policy",
            "module.lambda.aws_lambda_function.cfx_lambda_function",
            "module.lambda.data.archive_file.cfx_lambda"
          ]
        }
      ]
    },
    {
      "module": "module.cloudfront",
      "mode": "managed",
      "type": "aws_cloudfront_distribution",
      "name": "cfx_distribution",
      "provider": "provider[\"registry.terraform.io/hashicorp/aws\"]",
      "instances": [
        {
          "schema_version": 1,
          "attributes": {
            "aliases": [
              "jarredthomas.cloud",
              "www.jarredthomas.cloud"
            ],
            "arn": "arn:aws:cloudfront::533267010082:distribution/E29EOM0HQUDMC4",
            "caller_reference": "terraform-20250627161024951400000001",
            "comment": null,
            "continuous_deployment_policy_id": "",
            "custom_error_response": [],
            "default_cache_behavior": [
              {
                "allowed_methods": [
                  "GET",
                  "HEAD"
                ],
                "cache_policy_id": "658327ea-f89d-4fab-a63d-7e88639e58f6",
                "cached_methods": [
                  "GET",
                  "HEAD"
                ],
                "compress": true,
                "default_ttl": 0,
                "field_level_encryption_id": "",
                "forwarded_values": [],
                "function_association": [],
                "grpc_config": [
                  {
                    "enabled": false
                  }
                ],
                "lambda_function_association": [],
                "max_ttl": 0,
                "min_ttl": 0,
                "origin_request_policy_id": "",
                "realtime_log_config_arn": "",
                "response_headers_policy_id": "",
                "smooth_streaming": false,
                "target_origin_id": "S3Origin",
                "trusted_key_groups": [],
                "trusted_signers": [],
                "viewer_protocol_policy": "redirect-to-https"
              }
            ],
            "default_root_object": "index.html",
            "domain_name": "dac62gu00dryk.cloudfront.net",
            "enabled": true,
            "etag": "EGQGENDSL573V",
            "hosted_zone_id": "Z2FDTNDATAQYW2",
            "http_version": "http2",
            "id": "E29EOM0HQUDMC4",
            "in_progress_validation_batches": 0,
            "is_ipv6_enabled": false,
            "last_modified_time": "2025-07-06 19:04:55.146 +0000 UTC",
            "logging_config": [],
            "ordered_cache_behavior": [],
            "origin": [
              {
                "connection_attempts": 3,
                "connection_timeout": 10,
                "custom_header": [],
                "custom_origin_config": [],
                "domain_name": "cloudforgex-c8549e44.s3.amazonaws.com",
                "origin_access_control_id": "E2FGZA56BPSXNU",
                "origin_id": "S3Origin",
                "origin_path": "",
                "origin_shield": [],
                "s3_origin_config": [
                  {
                    "origin_access_identity": ""
                  }
                ],
                "vpc_origin_config": []
              }
            ],
            "origin_group": [],
            "price_class": "PriceClass_All",
            "restrictions": [
              {
                "geo_restriction": [
                  {
                    "locations": [],
                    "restriction_type": "none"
                  }
                ]
              }
            ],
            "retain_on_delete": false,
            "staging": false,
            "status": "Deployed",
            "tags": {
              "Environment": "Dev",
              "Project_Name": "CloudForgeX"
            },
            "tags_all": {
              "Environment": "Dev",
              "Project_Name": "CloudForgeX"
            },
            "trusted_key_groups": [
              {
                "enabled": false,
                "items": []
              }
            ],
            "trusted_signers": [
              {
                "enabled": false,
                "items": []
              }
            ],
            "viewer_certificate": [
              {
                "acm_certificate_arn": "arn:aws:acm:us-east-1:533267010082:certificate/4f31c7dc-5342-4bf5-ac92-b5cbf8547032",
                "cloudfront_default_certificate": false,
                "iam_certificate_id": "",
                "minimum_protocol_version": "TLSv1.2_2021",
                "ssl_support_method": "sni-only"
              }
            ],
            "wait_for_deployment": true,
            "web_acl_id": ""
          },
          "sensitive_attributes": [],
          "identity_schema_version": 0,
          "private": "eyJzY2hlbWFfdmVyc2lvbiI6IjEifQ==",
          "dependencies": [
            "module.acm_certificate.aws_acm_certificate.cfx_acm_certificate",
            "module.acm_certificate.aws_acm_certificate_validation.cfx_cert_validation",
            "module.cloudfront.aws_cloudfront_origin_access_control.cfx_oac",
            "module.route53.aws_route53_record.cert_validation",
            "module.route53.data.aws_route53_zone.cfx_r53_zone",
            "module.s3_bucket.aws_s3_bucket.cfx_s3_bucket",
            "module.s3_bucket.random_id.s3_bucket_suffix"
          ]
        }
      ]
    },
    {
      "module": "module.cloudfront",
      "mode": "managed",
      "type": "aws_cloudfront_origin_access_control",
      "name": "cfx_oac",
      "provider": "provider[\"registry.terraform.io/hashicorp/aws\"]",
      "instances": [
        {
          "schema_version": 0,
          "attributes": {
            "arn": "arn:aws:cloudfront::533267010082:origin-access-control/E2FGZA56BPSXNU",
            "description": "OAC for S3 bucket",
            "etag": "ETVPDKIKX0DER",
            "id": "E2FGZA56BPSXNU",
            "name": "S3-OAC",
            "origin_access_control_origin_type": "s3",
            "signing_behavior": "always",
            "signing_protocol": "sigv4"
          },
          "sensitive_attributes": [],
          "identity_schema_version": 0,
          "private": "bnVsbA=="
        }
      ]
    },
    {
      "module": "module.iam",
      "mode": "managed",
      "type": "aws_iam_role",
      "name": "cfx_lambda_execution_role",
      "provider": "provider[\"registry.terraform.io/hashicorp/aws\"]",
      "instances": [
        {
          "schema_version": 0,
          "attributes": {
            "arn": "arn:aws:iam::533267010082:role/CloudForgeX-execution-role",
            "assume_role_policy": "{\"Statement\":[{\"Action\":\"sts:AssumeRole\",\"Effect\":\"Allow\",\"Principal\":{\"Service\":\"lambda.amazonaws.com\"}}],\"Version\":\"2012-10-17\"}",
            "create_date": "2025-07-06T13:22:50Z",
            "description": "",
            "force_detach_policies": false,
            "id": "CloudForgeX-execution-role",
            "inline_policy": [
              {
                "name": "CloudForgeX-inline-policy",
                "policy": "{\"Version\":\"2012-10-17\",\"Statement\":[{\"Action\":[\"bedrock:InvokeModel\",\"bedrock:InvokeModelWithResponseStream\"],\"Effect\":\"Allow\",\"Resource\":\"*\"},{\"Action\":[\"logs:CreateLogGroup\",\"logs:CreateLogStream\",\"logs:PutLogEvents\"],\"Effect\":\"Allow\",\"Resource\":\"*\"}]}"
              }
            ],
            "managed_policy_arns": [],
            "max_session_duration": 3600,
            "name": "CloudForgeX-execution-role",
            "name_prefix": "",
            "path": "/",
            "permissions_boundary": "",
            "tags": {
              "Environment": "Dev",
              "Project_Name": "CloudForgeX"
            },
            "tags_all": {
              "Environment": "Dev",
              "Project_Name": "CloudForgeX"
            },
            "unique_id": "AROAXYKJQ2IRBHXZCXAU4"
          },
          "sensitive_attributes": [],
          "identity_schema_version": 0,
          "identity": {
            "account_id": "533267010082",
            "name": "CloudForgeX-execution-role"
          },
          "private": "bnVsbA==",
          "create_before_destroy": true
        }
      ]
    },
    {
      "module": "module.iam",
      "mode": "managed",
      "type": "aws_iam_role_policy",
      "name": "cfx_lambda_inline_policy",
      "provider": "provider[\"registry.terraform.io/hashicorp/aws\"]",
      "instances": [
        {
          "schema_version": 0,
          "attributes": {
            "id": "CloudForgeX-execution-role:CloudForgeX-inline-policy",
            "name": "CloudForgeX-inline-policy",
            "name_prefix": "",
            "policy": "{\"Version\":\"2012-10-17\",\"Statement\":[{\"Action\":[\"bedrock:InvokeModel\",\"bedrock:InvokeModelWithResponseStream\"],\"Effect\":\"Allow\",\"Resource\":\"*\"},{\"Action\":[\"logs:CreateLogGroup\",\"logs:CreateLogStream\",\"logs:PutLogEvents\"],\"Effect\":\"Allow\",\"Resource\":\"*\"}]}",
            "role": "CloudForgeX-execution-role"
          },
          "sensitive_attributes": [],
          "identity_schema_version": 0,
          "private": "bnVsbA==",
          "dependencies": [
            "module.iam.aws_iam_role.cfx_lambda_execution_role"
          ],
          "create_before_destroy": true
        }
      ]
    },
    {
      "module": "module.lambda",
      "mode": "data",
      "type": "archive_file",
      "name": "cfx_lambda",
      "provider": "provider[\"registry.terraform.io/hashicorp/archive\"]",
      "instances": [
        {
          "schema_version": 0,
          "attributes": {
            "exclude_symlink_directories": null,
            "excludes": null,
            "id": "6ada93d29828b507522695ada0f5c47b2466ee6d",
            "output_base64sha256": "2SJHuWAaMgsnKQCS/+qPF2spBQBJCDRbtld2S6UyEP8=",
            "output_base64sha512": "wT4B479uqCvQUiVvjmHDKGzRP0/S//6Iru9V7IQ/z55cG+eQENLNqI1nYf18h9Rdcvs+4l1LREk5Y/MmmCxV/Q==",
            "output_file_mode": null,
            "output_md5": "1d2f0a286068c4947c1371a23f856e8e",
            "output_path": "cfx-chatbot-lambda.zip",
            "output_sha": "6ada93d29828b507522695ada0f5c47b2466ee6d",
            "output_sha256": "d92247b9601a320b27290092ffea8f176b2905004908345bb657764ba53210ff",
            "output_sha512": "c13e01e3bf6ea82bd052256f8e61c3286cd13f4fd2fffe88aeef55ec843fcf9e5c1be79010d2cda88d6761fd7c87d45d72fb3ee25d4b44493963f326982c55fd",
            "output_size": 7706,
            "source": [],
            "source_content": null,
            "source_content_filename": null,
            "source_dir": "./../lambda",
            "source_file": null,
            "type": "zip"
          },
          "sensitive_attributes": [],
          "identity_schema_version": 0
        }
      ]
    },
    {
      "module": "module.lambda",
      "mode": "managed",
      "type": "aws_lambda_function",
      "name": "cfx_lambda_function",
      "provider": "provider[\"registry.terraform.io/hashicorp/aws\"]",
      "instances": [
        {
          "schema_version": 0,
          "attributes": {
            "architectures": [
              "x86_64"
            ],
            "arn": "arn:aws:lambda:us-east-1:533267010082:function:cfx-chatbot-lambda",
            "code_sha256": "2SJHuWAaMgsnKQCS/+qPF2spBQBJCDRbtld2S6UyEP8=",
            "code_signing_config_arn": "",
            "dead_letter_config": [],
            "description": "",
            "environment": [
              {
                "variables": {
                  "ALLOWED_ORIGIN": "https://www.jarredthomas.cloud"
                }
              }
            ],
            "ephemeral_storage": [
              {
                "size": 512
              }
            ],
            "file_system_config": [],
            "filename": "cfx-chatbot-lambda.zip",
            "function_name": "cfx-chatbot-lambda",
            "handler": "app.lambda_handler",
            "id": "cfx-chatbot-lambda",
            "image_config": [],
            "image_uri": "",
            "invoke_arn": "arn:aws:apigateway:us-east-1:lambda:path/2015-03-31/functions/arn:aws:lambda:us-east-1:533267010082:function:cfx-chatbot-lambda/invocations",
            "kms_key_arn": "",
            "last_modified": "2025-07-06T18:48:17.000+0000",
            "layers": [],
            "logging_config": [
              {
                "application_log_level": "",
                "log_format": "Text",
                "log_group": "/aws/lambda/cfx-chatbot-lambda",
                "system_log_level": ""
              }
            ],
            "memory_size": 256,
            "package_type": "Zip",
            "publish": false,
            "qualified_arn": "arn:aws:lambda:us-east-1:533267010082:function:cfx-chatbot-lambda:$LATEST",
            "qualified_invoke_arn": "arn:aws:apigateway:us-east-1:lambda:path/2015-03-31/functions/arn:aws:lambda:us-east-1:533267010082:function:cfx-chatbot-lambda:$LATEST/invocations",
            "region": "us-east-1",
            "replace_security_groups_on_destroy": null,
            "replacement_security_group_ids": null,
            "reserved_concurrent_executions": -1,
            "role": "arn:aws:iam::533267010082:role/CloudForgeX-execution-role",
            "runtime": "python3.11",
            "s3_bucket": null,
            "s3_key": null,
            "s3_object_version": null,
            "signing_job_arn": "",
            "signing_profile_version_arn": "",
            "skip_destroy": false,
            "snap_start": [],
            "source_code_hash": "2SJHuWAaMgsnKQCS/+qPF2spBQBJCDRbtld2S6UyEP8=",
            "source_code_size": 7706,
            "tags": {
              "Environment": "Dev",
              "Project_Name": "CloudForgeX"
            },
            "tags_all": {
              "Environment": "Dev",
              "Project_Name": "CloudForgeX"
            },
            "timeout": 30,
            "timeouts": null,
            "tracing_config": [
              {
                "mode": "PassThrough"
              }
            ],
            "version": "$LATEST",
            "vpc_config": []
          },
          "sensitive_attributes": [],
          "identity_schema_version": 0,
          "private": "eyJlMmJmYjczMC1lY2FhLTExZTYtOGY4OC0zNDM2M2JjN2M0YzAiOnsiY3JlYXRlIjo2MDAwMDAwMDAwMDAsImRlbGV0ZSI6NjAwMDAwMDAwMDAwLCJ1cGRhdGUiOjYwMDAwMDAwMDAwMH19",
          "dependencies": [
            "module.iam.aws_iam_role.cfx_lambda_execution_role",
            "module.iam.aws_iam_role_policy.cfx_lambda_inline_policy",
            "module.lambda.data.archive_file.cfx_lambda"
          ],
          "create_before_destroy": true
        }
      ]
    },
    {
      "module": "module.route53",
      "mode": "data",
      "type": "aws_route53_zone",
      "name": "cfx_r53_zone",
      "provider": "provider[\"registry.terraform.io/hashicorp/aws\"]",
      "instances": [
        {
          "schema_version": 0,
          "attributes": {
            "arn": "arn:aws:route53:::hostedzone/Z012273229SGJ502RVPMJ",
            "caller_reference": "RISWorkflow-RD:f1dfd5f6-d848-40dc-ae4a-04723dfbe82e",
            "comment": "HostedZone created by Route53 Registrar",
            "id": "Z012273229SGJ502RVPMJ",
            "linked_service_description": null,
            "linked_service_principal": null,
            "name": "jarredthomas.cloud",
            "name_servers": [
              "ns-522.awsdns-01.net",
              "ns-1405.awsdns-47.org",
              "ns-1964.awsdns-53.co.uk",
              "ns-82.awsdns-10.com"
            ],
            "primary_name_server": "ns-522.awsdns-01.net",
            "private_zone": false,
            "resource_record_set_count": 5,
            "tags": {},
            "vpc_id": null,
            "zone_id": "Z012273229SGJ502RVPMJ"
          },
          "sensitive_attributes": [],
          "identity_schema_version": 0
        }
      ]
    },
    {
      "module": "module.route53",
      "mode": "managed",
      "type": "aws_route53_record",
      "name": "apex_alias",
      "provider": "provider[\"registry.terraform.io/hashicorp/aws\"]",
      "instances": [
        {
          "schema_version": 2,
          "attributes": {
            "alias": [
              {
                "evaluate_target_health": false,
                "name": "dac62gu00dryk.cloudfront.net",
                "zone_id": "Z2FDTNDATAQYW2"
              }
            ],
            "allow_overwrite": null,
            "cidr_routing_policy": [],
            "failover_routing_policy": [],
            "fqdn": "jarredthomas.cloud",
            "geolocation_routing_policy": [],
            "geoproximity_routing_policy": [],
            "health_check_id": "",
            "id": "Z012273229SGJ502RVPMJ__A",
            "latency_routing_policy": [],
            "multivalue_answer_routing_policy": false,
            "name": "",
            "records": [],
            "set_identifier": "",
            "timeouts": null,
            "ttl": 0,
            "type": "A",
            "weighted_routing_policy": [],
            "zone_id": "Z012273229SGJ502RVPMJ"
          },
          "sensitive_attributes": [],
          "identity_schema_version": 0,
          "private": "eyJlMmJmYjczMC1lY2FhLTExZTYtOGY4OC0zNDM2M2JjN2M0YzAiOnsiY3JlYXRlIjoxODAwMDAwMDAwMDAwLCJkZWxldGUiOjE4MDAwMDAwMDAwMDAsInVwZGF0ZSI6MTgwMDAwMDAwMDAwMH0sInNjaGVtYV92ZXJzaW9uIjoiMiJ9",
          "dependencies": [
            "module.acm_certificate.aws_acm_certificate.cfx_acm_certificate",
            "module.acm_certificate.aws_acm_certificate_validation.cfx_cert_validation",
            "module.cloudfront.aws_cloudfront_distribution.cfx_distribution",
            "module.cloudfront.aws_cloudfront_origin_access_control.cfx_oac",
            "module.route53.aws_route53_record.cert_validation",
            "module.route53.data.aws_route53_zone.cfx_r53_zone",
            "module.s3_bucket.aws_s3_bucket.cfx_s3_bucket",
            "module.s3_bucket.random_id.s3_bucket_suffix"
          ]
        }
      ]
    },
    {
      "module": "module.route53",
      "mode": "managed",
      "type": "aws_route53_record",
      "name": "cert_validation",
      "provider": "provider[\"registry.terraform.io/hashicorp/aws\"]",
      "instances": [
        {
          "index_key": "*.jarredthomas.cloud",
          "schema_version": 2,
          "attributes": {
            "alias": [],
            "allow_overwrite": true,
            "cidr_routing_policy": [],
            "failover_routing_policy": [],
            "fqdn": "_5faccdb4a6962741dbd5ad5a907da6ef.jarredthomas.cloud",
            "geolocation_routing_policy": [],
            "geoproximity_routing_policy": [],
            "health_check_id": "",
            "id": "Z012273229SGJ502RVPMJ__5faccdb4a6962741dbd5ad5a907da6ef.jarredthomas.cloud._CNAME",
            "latency_routing_policy": [],
            "multivalue_answer_routing_policy": false,
            "name": "_5faccdb4a6962741dbd5ad5a907da6ef.jarredthomas.cloud",
            "records": [
              "_29bf40bb0af4f569aac7c171138b5f98.xlfgrmvvlj.acm-validations.aws."
            ],
            "set_identifier": "",
            "timeouts": null,
            "ttl": 330,
            "type": "CNAME",
            "weighted_routing_policy": [],
            "zone_id": "Z012273229SGJ502RVPMJ"
          },
          "sensitive_attributes": [],
          "identity_schema_version": 0,
          "private": "eyJlMmJmYjczMC1lY2FhLTExZTYtOGY4OC0zNDM2M2JjN2M0YzAiOnsiY3JlYXRlIjoxODAwMDAwMDAwMDAwLCJkZWxldGUiOjE4MDAwMDAwMDAwMDAsInVwZGF0ZSI6MTgwMDAwMDAwMDAwMH0sInNjaGVtYV92ZXJzaW9uIjoiMiJ9",
          "dependencies": [
            "module.acm_certificate.aws_acm_certificate.cfx_acm_certificate",
            "module.route53.data.aws_route53_zone.cfx_r53_zone"
          ]
        },
        {
          "index_key": "jarredthomas.cloud",
          "schema_version": 2,
          "attributes": {
            "alias": [],
            "allow_overwrite": true,
            "cidr_routing_policy": [],
            "failover_routing_policy": [],
            "fqdn": "_5faccdb4a6962741dbd5ad5a907da6ef.jarredthomas.cloud",
            "geolocation_routing_policy": [],
            "geoproximity_routing_policy": [],
            "health_check_id": "",
            "id": "Z012273229SGJ502RVPMJ__5faccdb4a6962741dbd5ad5a907da6ef.jarredthomas.cloud._CNAME",
            "latency_routing_policy": [],
            "multivalue_answer_routing_policy": false,
            "name": "_5faccdb4a6962741dbd5ad5a907da6ef.jarredthomas.cloud",
            "records": [
              "_29bf40bb0af4f569aac7c171138b5f98.xlfgrmvvlj.acm-validations.aws."
            ],
            "set_identifier": "",
            "timeouts": null,
            "ttl": 330,
            "type": "CNAME",
            "weighted_routing_policy": [],
            "zone_id": "Z012273229SGJ502RVPMJ"
          },
          "sensitive_attributes": [],
          "identity_schema_version": 0,
          "private": "eyJlMmJmYjczMC1lY2FhLTExZTYtOGY4OC0zNDM2M2JjN2M0YzAiOnsiY3JlYXRlIjoxODAwMDAwMDAwMDAwLCJkZWxldGUiOjE4MDAwMDAwMDAwMDAsInVwZGF0ZSI6MTgwMDAwMDAwMDAwMH0sInNjaGVtYV92ZXJzaW9uIjoiMiJ9",
          "dependencies": [
            "module.acm_certificate.aws_acm_certificate.cfx_acm_certificate",
            "module.route53.data.aws_route53_zone.cfx_r53_zone"
          ]
        }
      ]
    },
    {
      "module": "module.route53",
      "mode": "managed",
      "type": "aws_route53_record",
      "name": "www_alias",
      "provider": "provider[\"registry.terraform.io/hashicorp/aws\"]",
      "instances": [
        {
          "schema_version": 2,
          "attributes": {
            "alias": [
              {
                "evaluate_target_health": false,
                "name": "dac62gu00dryk.cloudfront.net",
                "zone_id": "Z2FDTNDATAQYW2"
              }
            ],
            "allow_overwrite": null,
            "cidr_routing_policy": [],
            "failover_routing_policy": [],
            "fqdn": "www.jarredthomas.cloud",
            "geolocation_routing_policy": [],
            "geoproximity_routing_policy": [],
            "health_check_id": "",
            "id": "Z012273229SGJ502RVPMJ_www_A",
            "latency_routing_policy": [],
            "multivalue_answer_routing_policy": false,
            "name": "www",
            "records": [],
            "set_identifier": "",
            "timeouts": null,
            "ttl": 0,
            "type": "A",
            "weighted_routing_policy": [],
            "zone_id": "Z012273229SGJ502RVPMJ"
          },
          "sensitive_attributes": [],
          "identity_schema_version": 0,
          "private": "eyJlMmJmYjczMC1lY2FhLTExZTYtOGY4OC0zNDM2M2JjN2M0YzAiOnsiY3JlYXRlIjoxODAwMDAwMDAwMDAwLCJkZWxldGUiOjE4MDAwMDAwMDAwMDAsInVwZGF0ZSI6MTgwMDAwMDAwMDAwMH0sInNjaGVtYV92ZXJzaW9uIjoiMiJ9",
          "dependencies": [
            "module.acm_certificate.aws_acm_certificate.cfx_acm_certificate",
            "module.acm_certificate.aws_acm_certificate_validation.cfx_cert_validation",
            "module.cloudfront.aws_cloudfront_distribution.cfx_distribution",
            "module.cloudfront.aws_cloudfront_origin_access_control.cfx_oac",
            "module.route53.aws_route53_record.cert_validation",
            "module.route53.data.aws_route53_zone.cfx_r53_zone",
            "module.s3_bucket.aws_s3_bucket.cfx_s3_bucket",
            "module.s3_bucket.random_id.s3_bucket_suffix"
          ]
        }
      ]
    },
    {
      "module": "module.s3_bucket",
      "mode": "managed",
      "type": "aws_s3_bucket",
      "name": "cfx_s3_bucket",
      "provider": "provider[\"registry.terraform.io/hashicorp/aws\"]",
      "instances": [
        {
          "schema_version": 0,
          "attributes": {
            "acceleration_status": "",
            "acl": null,
            "arn": "arn:aws:s3:::cloudforgex-c8549e44",
            "bucket": "cloudforgex-c8549e44",
            "bucket_domain_name": "cloudforgex-c8549e44.s3.amazonaws.com",
            "bucket_prefix": "",
            "bucket_region": "us-east-1",
            "bucket_regional_domain_name": "cloudforgex-c8549e44.s3.us-east-1.amazonaws.com",
            "cors_rule": [],
            "force_destroy": true,
            "grant": [
              {
                "id": "b667385c7ddff48118a20050cb7ffdf121ac67ea62e2b4a6fdf0b80c1ca17c44",
                "permissions": [
                  "FULL_CONTROL"
                ],
                "type": "CanonicalUser",
                "uri": ""
              }
            ],
            "hosted_zone_id": "Z3AQBSTGFYJSTF",
            "id": "cloudforgex-c8549e44",
            "lifecycle_rule": [],
            "logging": [],
            "object_lock_configuration": [],
            "object_lock_enabled": false,
            "policy": "{\"Statement\":[{\"Action\":\"s3:GetObject\",\"Condition\":{\"StringEquals\":{\"AWS:SourceArn\":\"arn:aws:cloudfront::533267010082:distribution/E29EOM0HQUDMC4\"}},\"Effect\":\"Allow\",\"Principal\":{\"Service\":\"cloudfront.amazonaws.com\"},\"Resource\":\"arn:aws:s3:::cloudforgex-c8549e44/*\"}],\"Version\":\"2008-10-17\"}",
            "region": "us-east-1",
            "replication_configuration": [],
            "request_payer": "BucketOwner",
            "server_side_encryption_configuration": [
              {
                "rule": [
                  {
                    "apply_server_side_encryption_by_default": [
                      {
                        "kms_master_key_id": "",
                        "sse_algorithm": "AES256"
                      }
                    ],
                    "bucket_key_enabled": false
                  }
                ]
              }
            ],
            "tags": {
              "Environment": "Dev",
              "Project_Name": "CloudForgeX"
            },
            "tags_all": {
              "Environment": "Dev",
              "Project_Name": "CloudForgeX"
            },
            "timeouts": null,
            "versioning": [
              {
                "enabled": false,
                "mfa_delete": false
              }
            ],
            "website": [],
            "website_domain": "s3-website-us-east-1.amazonaws.com",
            "website_endpoint": "cloudforgex-c8549e44.s3-website-us-east-1.amazonaws.com"
          },
          "sensitive_attributes": [],
          "identity_schema_version": 0,
          "identity": {
            "account_id": "533267010082",
            "bucket": "cloudforgex-c8549e44",
            "region": "us-east-1"
          },
          "private": "eyJlMmJmYjczMC1lY2FhLTExZTYtOGY4OC0zNDM2M2JjN2M0YzAiOnsiY3JlYXRlIjoxMjAwMDAwMDAwMDAwLCJkZWxldGUiOjM2MDAwMDAwMDAwMDAsInJlYWQiOjEyMDAwMDAwMDAwMDAsInVwZGF0ZSI6MTIwMDAwMDAwMDAwMH19",
          "dependencies": [
            "module.s3_bucket.random_id.s3_bucket_suffix"
          ]
        }
      ]
    },
    {
      "module": "module.s3_bucket",
      "mode": "managed",
      "type": "aws_s3_bucket_policy",
      "name": "cfx_oac_policy",
      "provider": "provider[\"registry.terraform.io/hashicorp/aws\"]",
      "instances": [
        {
          "schema_version": 0,
          "attributes": {
            "bucket": "cloudforgex-c8549e44",
            "id": "cloudforgex-c8549e44",
            "policy": "{\"Statement\":[{\"Action\":\"s3:GetObject\",\"Condition\":{\"StringEquals\":{\"AWS:SourceArn\":\"arn:aws:cloudfront::533267010082:distribution/E29EOM0HQUDMC4\"}},\"Effect\":\"Allow\",\"Principal\":{\"Service\":\"cloudfront.amazonaws.com\"},\"Resource\":\"arn:aws:s3:::cloudforgex-c8549e44/*\"}],\"Version\":\"2008-10-17\"}",
            "region": "us-east-1"
          },
          "sensitive_attributes": [],
          "identity_schema_version": 0,
          "private": "bnVsbA==",
          "dependencies": [
            "module.acm_certificate.aws_acm_certificate.cfx_acm_certificate",
            "module.acm_certificate.aws_acm_certificate_validation.cfx_cert_validation",
            "module.cloudfront.aws_cloudfront_distribution.cfx_distribution",
            "module.cloudfront.aws_cloudfront_origin_access_control.cfx_oac",
            "module.route53.aws_route53_record.cert_validation",
            "module.route53.data.aws_route53_zone.cfx_r53_zone",
            "module.s3_bucket.aws_s3_bucket.cfx_s3_bucket",
            "module.s3_bucket.random_id.s3_bucket_suffix"
          ]
        }
      ]
    },
    {
      "module": "module.s3_bucket",
      "mode": "managed",
      "type": "aws_s3_bucket_public_access_block",
      "name": "web_access_block",
      "provider": "provider[\"registry.terraform.io/hashicorp/aws\"]",
      "instances": [
        {
          "schema_version": 0,
          "attributes": {
            "block_public_acls": true,
            "block_public_policy": true,
            "bucket": "cloudforgex-c8549e44",
            "id": "cloudforgex-c8549e44",
            "ignore_public_acls": true,
            "region": "us-east-1",
            "restrict_public_buckets": true
          },
          "sensitive_attributes": [],
          "identity_schema_version": 0,
          "private": "bnVsbA==",
          "dependencies": [
            "module.s3_bucket.aws_s3_bucket.cfx_s3_bucket",
            "module.s3_bucket.random_id.s3_bucket_suffix"
          ]
        }
      ]
    },
    {
      "module": "module.s3_bucket",
      "mode": "managed",
      "type": "random_id",
      "name": "s3_bucket_suffix",
      "provider": "provider[\"registry.terraform.io/hashicorp/random\"]",
      "instances": [
        {
          "schema_version": 0,
          "attributes": {
            "b64_std": "yFSeRA==",
            "b64_url": "yFSeRA",
            "byte_length": 4,
            "dec": "3360988740",
            "hex": "c8549e44",
            "id": "yFSeRA",
            "keepers": null,
            "prefix": null
          },
          "sensitive_attributes": [],
          "identity_schema_version": 0
        }
      ]
    }
  ],
  "check_results": null
}
