{
  "version": 4,
  "terraform_version": "1.12.2",
  "serial": 48,
  "lineage": "0732c536-3453-48a4-d05c-2d29c3a2272c",
  "outputs": {
    "cloudfront_domain_name": {
      "value": "dac62gu00dryk.cloudfront.net",
      "type": "string"
    },
    "project_name": {
      "value": "CloudForgeX",
      "type": "string"
    },
    "s3_bucket_domain_name": {
      "value": "cloudforgex-c8549e44.s3.amazonaws.com",
      "type": "string"
    },
    "s3_bucket_name": {
      "value": "cloudforgex-c8549e44",
      "type": "string"
    }
  },
  "resources": [
    {
      "module": "module.acm_certificate",
      "mode": "managed",
      "type": "aws_acm_certificate",
      "name": "cfx_acm_certificate",
      "provider": "provider[\"registry.terraform.io/hashicorp/aws\"]",
      "instances": [
        {
          "schema_version": 0,
          "attributes": {
            "arn": "arn:aws:acm:us-east-1:533267010082:certificate/4f31c7dc-5342-4bf5-ac92-b5cbf8547032",
            "certificate_authority_arn": "",
            "certificate_body": null,
            "certificate_chain": null,
            "domain_name": "jarredthomas.cloud",
            "domain_validation_options": [
              {
                "domain_name": "*.jarredthomas.cloud",
                "resource_record_name": "_5faccdb4a6962741dbd5ad5a907da6ef.jarredthomas.cloud.",
                "resource_record_type": "CNAME",
                "resource_record_value": "_29bf40bb0af4f569aac7c171138b5f98.xlfgrmvvlj.acm-validations.aws."
              },
              {
                "domain_name": "jarredthomas.cloud",
                "resource_record_name": "_5faccdb4a6962741dbd5ad5a907da6ef.jarredthomas.cloud.",
                "resource_record_type": "CNAME",
                "resource_record_value": "_29bf40bb0af4f569aac7c171138b5f98.xlfgrmvvlj.acm-validations.aws."
              }
            ],
            "early_renewal_duration": "",
            "id": "arn:aws:acm:us-east-1:533267010082:certificate/4f31c7dc-5342-4bf5-ac92-b5cbf8547032",
            "key_algorithm": "RSA_2048",
            "not_after": "2026-07-26T23:59:59Z",
            "not_before": "2025-06-27T00:00:00Z",
            "options": [
              {
                "certificate_transparency_logging_preference": "ENABLED"
              }
            ],
            "pending_renewal": false,
            "private_key": null,
            "region": "us-east-1",
            "renewal_eligibility": "ELIGIBLE",
            "renewal_summary": [],
            "status": "ISSUED",
            "subject_alternative_names": [
              "*.jarredthomas.cloud",
              "jarredthomas.cloud"
            ],
            "tags": {
              "Environment": "Dev",
              "Project_Name": "CloudForgeX"
            },
            "tags_all": {
              "Environment": "Dev",
              "Project_Name": "CloudForgeX"
            },
            "type": "AMAZON_ISSUED",
            "validation_emails": [],
            "validation_method": "DNS",
            "validation_option": []
          },
          "sensitive_attributes": [
            [
              {
                "type": "get_attr",
                "value": "private_key"
              }
            ]
          ],
          "identity_schema_version": 0,
          "identity": {
            "arn": "arn:aws:acm:us-east-1:533267010082:certificate/4f31c7dc-5342-4bf5-ac92-b5cbf8547032"
          },
          "private": "bnVsbA==",
          "create_before_destroy": true
        }
      ]
    },
    {
      "module": "module.acm_certificate",
      "mode": "managed",
      "type": "aws_acm_certificate_validation",
      "name": "cfx_cert_validation",
      "provider": "provider[\"registry.terraform.io/hashicorp/aws\"]",
      "instances": [
        {
          "schema_version": 0,
          "attributes": {
            "certificate_arn": "arn:aws:acm:us-east-1:533267010082:certificate/4f31c7dc-5342-4bf5-ac92-b5cbf8547032",
            "id": "2025-06-27 11:20:55.806 +0000 UTC",
            "region": "us-east-1",
            "timeouts": null,
            "validation_record_fqdns": [
              "_5faccdb4a6962741dbd5ad5a907da6ef.jarredthomas.cloud"
            ]
          },
          "sensitive_attributes": [],
          "identity_schema_version": 0,
          "private": "eyJlMmJmYjczMC1lY2FhLTExZTYtOGY4OC0zNDM2M2JjN2M0YzAiOnsiY3JlYXRlIjo0NTAwMDAwMDAwMDAwfX0=",
          "dependencies": [
            "module.acm_certificate.aws_acm_certificate.cfx_acm_certificate",
            "module.route53.aws_route53_record.cert_validation",
            "module.route53.data.aws_route53_zone.cfx_r53_zone"
          ]
        }
      ]
    },
    {
      "module": "module.cloudfront",
      "mode": "managed",
      "type": "aws_cloudfront_distribution",
      "name": "cfx_distribution",
      "provider": "provider[\"registry.terraform.io/hashicorp/aws\"]",
      "instances": [
        {
          "schema_version": 1,
          "attributes": {
            "aliases": [
              "jarredthomas.cloud",
              "www.jarredthomas.cloud"
            ],
            "arn": "arn:aws:cloudfront::533267010082:distribution/E29EOM0HQUDMC4",
            "caller_reference": "terraform-20250627161024951400000001",
            "comment": null,
            "continuous_deployment_policy_id": "",
            "custom_error_response": [],
            "default_cache_behavior": [
              {
                "allowed_methods": [
                  "GET",
                  "HEAD"
                ],
                "cache_policy_id": "658327ea-f89d-4fab-a63d-7e88639e58f6",
                "cached_methods": [
                  "GET",
                  "HEAD"
                ],
                "compress": true,
                "default_ttl": 0,
                "field_level_encryption_id": "",
                "forwarded_values": [],
                "function_association": [],
                "grpc_config": [
                  {
                    "enabled": false
                  }
                ],
                "lambda_function_association": [],
                "max_ttl": 0,
                "min_ttl": 0,
                "origin_request_policy_id": "",
                "realtime_log_config_arn": "",
                "response_headers_policy_id": "",
                "smooth_streaming": false,
                "target_origin_id": "S3Origin",
                "trusted_key_groups": [],
                "trusted_signers": [],
                "viewer_protocol_policy": "redirect-to-https"
              }
            ],
            "default_root_object": "index.html",
            "domain_name": "dac62gu00dryk.cloudfront.net",
            "enabled": true,
            "etag": "E214W55QGGB0LT",
            "hosted_zone_id": "Z2FDTNDATAQYW2",
            "http_version": "http2",
            "id": "E29EOM0HQUDMC4",
            "in_progress_validation_batches": 0,
            "is_ipv6_enabled": false,
            "last_modified_time": "2025-06-27 20:43:37.369 +0000 UTC",
            "logging_config": [],
            "ordered_cache_behavior": [],
            "origin": [
              {
                "connection_attempts": 3,
                "connection_timeout": 10,
                "custom_header": [],
                "custom_origin_config": [],
                "domain_name": "cloudforgex-c8549e44.s3.amazonaws.com",
                "origin_access_control_id": "E2FGZA56BPSXNU",
                "origin_id": "S3Origin",
                "origin_path": "",
                "origin_shield": [],
                "s3_origin_config": [
                  {
                    "origin_access_identity": ""
                  }
                ],
                "vpc_origin_config": []
              }
            ],
            "origin_group": [],
            "price_class": "PriceClass_All",
            "restrictions": [
              {
                "geo_restriction": [
                  {
                    "locations": [],
                    "restriction_type": "none"
                  }
                ]
              }
            ],
            "retain_on_delete": false,
            "staging": false,
            "status": "Deployed",
            "tags": {
              "Environment": "Dev",
              "Project_Name": "CloudForgeX"
            },
            "tags_all": {
              "Environment": "Dev",
              "Project_Name": "CloudForgeX"
            },
            "trusted_key_groups": [
              {
                "enabled": false,
                "items": []
              }
            ],
            "trusted_signers": [
              {
                "enabled": false,
                "items": []
              }
            ],
            "viewer_certificate": [
              {
                "acm_certificate_arn": "arn:aws:acm:us-east-1:533267010082:certificate/4f31c7dc-5342-4bf5-ac92-b5cbf8547032",
                "cloudfront_default_certificate": false,
                "iam_certificate_id": "",
                "minimum_protocol_version": "TLSv1.2_2021",
                "ssl_support_method": "sni-only"
              }
            ],
            "wait_for_deployment": true,
            "web_acl_id": ""
          },
          "sensitive_attributes": [],
          "identity_schema_version": 0,
          "private": "eyJzY2hlbWFfdmVyc2lvbiI6IjEifQ==",
          "dependencies": [
            "module.acm_certificate.aws_acm_certificate.cfx_acm_certificate",
            "module.acm_certificate.aws_acm_certificate_validation.cfx_cert_validation",
            "module.cloudfront.aws_cloudfront_origin_access_control.cfx_oac",
            "module.route53.aws_route53_record.cert_validation",
            "module.route53.data.aws_route53_zone.cfx_r53_zone",
            "module.s3_bucket.aws_s3_bucket.cfx_s3_bucket",
            "module.s3_bucket.random_id.s3_bucket_suffix"
          ]
        }
      ]
    },
    {
      "module": "module.cloudfront",
      "mode": "managed",
      "type": "aws_cloudfront_origin_access_control",
      "name": "cfx_oac",
      "provider": "provider[\"registry.terraform.io/hashicorp/aws\"]",
      "instances": [
        {
          "schema_version": 0,
          "attributes": {
            "arn": "arn:aws:cloudfront::533267010082:origin-access-control/E2FGZA56BPSXNU",
            "description": "OAC for S3 bucket",
            "etag": "ETVPDKIKX0DER",
            "id": "E2FGZA56BPSXNU",
            "name": "S3-OAC",
            "origin_access_control_origin_type": "s3",
            "signing_behavior": "always",
            "signing_protocol": "sigv4"
          },
          "sensitive_attributes": [],
          "identity_schema_version": 0,
          "private": "bnVsbA=="
        }
      ]
    },
    {
      "module": "module.route53",
      "mode": "data",
      "type": "aws_route53_zone",
      "name": "cfx_r53_zone",
      "provider": "provider[\"registry.terraform.io/hashicorp/aws\"]",
      "instances": [
        {
          "schema_version": 0,
          "attributes": {
            "arn": "arn:aws:route53:::hostedzone/Z012273229SGJ502RVPMJ",
            "caller_reference": "RISWorkflow-RD:f1dfd5f6-d848-40dc-ae4a-04723dfbe82e",
            "comment": "HostedZone created by Route53 Registrar",
            "id": "Z012273229SGJ502RVPMJ",
            "linked_service_description": null,
            "linked_service_principal": null,
            "name": "jarredthomas.cloud",
            "name_servers": [
              "ns-522.awsdns-01.net",
              "ns-1405.awsdns-47.org",
              "ns-1964.awsdns-53.co.uk",
              "ns-82.awsdns-10.com"
            ],
            "primary_name_server": "ns-522.awsdns-01.net",
            "private_zone": false,
            "resource_record_set_count": 5,
            "tags": {},
            "vpc_id": null,
            "zone_id": "Z012273229SGJ502RVPMJ"
          },
          "sensitive_attributes": [],
          "identity_schema_version": 0
        }
      ]
    },
    {
      "module": "module.route53",
      "mode": "managed",
      "type": "aws_route53_record",
      "name": "apex_alias",
      "provider": "provider[\"registry.terraform.io/hashicorp/aws\"]",
      "instances": [
        {
          "schema_version": 2,
          "attributes": {
            "alias": [
              {
                "evaluate_target_health": false,
                "name": "dac62gu00dryk.cloudfront.net",
                "zone_id": "Z2FDTNDATAQYW2"
              }
            ],
            "allow_overwrite": null,
            "cidr_routing_policy": [],
            "failover_routing_policy": [],
            "fqdn": "jarredthomas.cloud",
            "geolocation_routing_policy": [],
            "geoproximity_routing_policy": [],
            "health_check_id": "",
            "id": "Z012273229SGJ502RVPMJ__A",
            "latency_routing_policy": [],
            "multivalue_answer_routing_policy": false,
            "name": "",
            "records": [],
            "set_identifier": "",
            "timeouts": null,
            "ttl": 0,
            "type": "A",
            "weighted_routing_policy": [],
            "zone_id": "Z012273229SGJ502RVPMJ"
          },
          "sensitive_attributes": [],
          "identity_schema_version": 0,
          "private": "eyJlMmJmYjczMC1lY2FhLTExZTYtOGY4OC0zNDM2M2JjN2M0YzAiOnsiY3JlYXRlIjoxODAwMDAwMDAwMDAwLCJkZWxldGUiOjE4MDAwMDAwMDAwMDAsInVwZGF0ZSI6MTgwMDAwMDAwMDAwMH0sInNjaGVtYV92ZXJzaW9uIjoiMiJ9",
          "dependencies": [
            "module.acm_certificate.aws_acm_certificate.cfx_acm_certificate",
            "module.acm_certificate.aws_acm_certificate_validation.cfx_cert_validation",
            "module.cloudfront.aws_cloudfront_distribution.cfx_distribution",
            "module.cloudfront.aws_cloudfront_origin_access_control.cfx_oac",
            "module.route53.aws_route53_record.cert_validation",
            "module.route53.data.aws_route53_zone.cfx_r53_zone",
            "module.s3_bucket.aws_s3_bucket.cfx_s3_bucket",
            "module.s3_bucket.random_id.s3_bucket_suffix"
          ]
        }
      ]
    },
    {
      "module": "module.route53",
      "mode": "managed",
      "type": "aws_route53_record",
      "name": "cert_validation",
      "provider": "provider[\"registry.terraform.io/hashicorp/aws\"]",
      "instances": [
        {
          "index_key": "*.jarredthomas.cloud",
          "schema_version": 2,
          "attributes": {
            "alias": [],
            "allow_overwrite": true,
            "cidr_routing_policy": [],
            "failover_routing_policy": [],
            "fqdn": "_5faccdb4a6962741dbd5ad5a907da6ef.jarredthomas.cloud",
            "geolocation_routing_policy": [],
            "geoproximity_routing_policy": [],
            "health_check_id": "",
            "id": "Z012273229SGJ502RVPMJ__5faccdb4a6962741dbd5ad5a907da6ef.jarredthomas.cloud._CNAME",
            "latency_routing_policy": [],
            "multivalue_answer_routing_policy": false,
            "name": "_5faccdb4a6962741dbd5ad5a907da6ef.jarredthomas.cloud",
            "records": [
              "_29bf40bb0af4f569aac7c171138b5f98.xlfgrmvvlj.acm-validations.aws."
            ],
            "set_identifier": "",
            "timeouts": null,
            "ttl": 330,
            "type": "CNAME",
            "weighted_routing_policy": [],
            "zone_id": "Z012273229SGJ502RVPMJ"
          },
          "sensitive_attributes": [],
          "identity_schema_version": 0,
          "private": "eyJlMmJmYjczMC1lY2FhLTExZTYtOGY4OC0zNDM2M2JjN2M0YzAiOnsiY3JlYXRlIjoxODAwMDAwMDAwMDAwLCJkZWxldGUiOjE4MDAwMDAwMDAwMDAsInVwZGF0ZSI6MTgwMDAwMDAwMDAwMH0sInNjaGVtYV92ZXJzaW9uIjoiMiJ9",
          "dependencies": [
            "module.acm_certificate.aws_acm_certificate.cfx_acm_certificate",
            "module.route53.data.aws_route53_zone.cfx_r53_zone"
          ]
        },
        {
          "index_key": "jarredthomas.cloud",
          "schema_version": 2,
          "attributes": {
            "alias": [],
            "allow_overwrite": true,
            "cidr_routing_policy": [],
            "failover_routing_policy": [],
            "fqdn": "_5faccdb4a6962741dbd5ad5a907da6ef.jarredthomas.cloud",
            "geolocation_routing_policy": [],
            "geoproximity_routing_policy": [],
            "health_check_id": "",
            "id": "Z012273229SGJ502RVPMJ__5faccdb4a6962741dbd5ad5a907da6ef.jarredthomas.cloud._CNAME",
            "latency_routing_policy": [],
            "multivalue_answer_routing_policy": false,
            "name": "_5faccdb4a6962741dbd5ad5a907da6ef.jarredthomas.cloud",
            "records": [
              "_29bf40bb0af4f569aac7c171138b5f98.xlfgrmvvlj.acm-validations.aws."
            ],
            "set_identifier": "",
            "timeouts": null,
            "ttl": 330,
            "type": "CNAME",
            "weighted_routing_policy": [],
            "zone_id": "Z012273229SGJ502RVPMJ"
          },
          "sensitive_attributes": [],
          "identity_schema_version": 0,
          "private": "eyJlMmJmYjczMC1lY2FhLTExZTYtOGY4OC0zNDM2M2JjN2M0YzAiOnsiY3JlYXRlIjoxODAwMDAwMDAwMDAwLCJkZWxldGUiOjE4MDAwMDAwMDAwMDAsInVwZGF0ZSI6MTgwMDAwMDAwMDAwMH0sInNjaGVtYV92ZXJzaW9uIjoiMiJ9",
          "dependencies": [
            "module.acm_certificate.aws_acm_certificate.cfx_acm_certificate",
            "module.route53.data.aws_route53_zone.cfx_r53_zone"
          ]
        }
      ]
    },
    {
      "module": "module.route53",
      "mode": "managed",
      "type": "aws_route53_record",
      "name": "www_alias",
      "provider": "provider[\"registry.terraform.io/hashicorp/aws\"]",
      "instances": [
        {
          "schema_version": 2,
          "attributes": {
            "alias": [
              {
                "evaluate_target_health": false,
                "name": "dac62gu00dryk.cloudfront.net",
                "zone_id": "Z2FDTNDATAQYW2"
              }
            ],
            "allow_overwrite": null,
            "cidr_routing_policy": [],
            "failover_routing_policy": [],
            "fqdn": "www.jarredthomas.cloud",
            "geolocation_routing_policy": [],
            "geoproximity_routing_policy": [],
            "health_check_id": "",
            "id": "Z012273229SGJ502RVPMJ_www_A",
            "latency_routing_policy": [],
            "multivalue_answer_routing_policy": false,
            "name": "www",
            "records": [],
            "set_identifier": "",
            "timeouts": null,
            "ttl": 0,
            "type": "A",
            "weighted_routing_policy": [],
            "zone_id": "Z012273229SGJ502RVPMJ"
          },
          "sensitive_attributes": [],
          "identity_schema_version": 0,
          "private": "eyJlMmJmYjczMC1lY2FhLTExZTYtOGY4OC0zNDM2M2JjN2M0YzAiOnsiY3JlYXRlIjoxODAwMDAwMDAwMDAwLCJkZWxldGUiOjE4MDAwMDAwMDAwMDAsInVwZGF0ZSI6MTgwMDAwMDAwMDAwMH0sInNjaGVtYV92ZXJzaW9uIjoiMiJ9",
          "dependencies": [
            "module.acm_certificate.aws_acm_certificate.cfx_acm_certificate",
            "module.acm_certificate.aws_acm_certificate_validation.cfx_cert_validation",
            "module.cloudfront.aws_cloudfront_distribution.cfx_distribution",
            "module.cloudfront.aws_cloudfront_origin_access_control.cfx_oac",
            "module.route53.aws_route53_record.cert_validation",
            "module.route53.data.aws_route53_zone.cfx_r53_zone",
            "module.s3_bucket.aws_s3_bucket.cfx_s3_bucket",
            "module.s3_bucket.random_id.s3_bucket_suffix"
          ]
        }
      ]
    },
    {
      "module": "module.s3_bucket",
      "mode": "managed",
      "type": "aws_s3_bucket",
      "name": "cfx_s3_bucket",
      "provider": "provider[\"registry.terraform.io/hashicorp/aws\"]",
      "instances": [
        {
          "schema_version": 0,
          "attributes": {
            "acceleration_status": "",
            "acl": null,
            "arn": "arn:aws:s3:::cloudforgex-c8549e44",
            "bucket": "cloudforgex-c8549e44",
            "bucket_domain_name": "cloudforgex-c8549e44.s3.amazonaws.com",
            "bucket_prefix": "",
            "bucket_region": "us-east-1",
            "bucket_regional_domain_name": "cloudforgex-c8549e44.s3.us-east-1.amazonaws.com",
            "cors_rule": [],
            "force_destroy": true,
            "grant": [
              {
                "id": "b667385c7ddff48118a20050cb7ffdf121ac67ea62e2b4a6fdf0b80c1ca17c44",
                "permissions": [
                  "FULL_CONTROL"
                ],
                "type": "CanonicalUser",
                "uri": ""
              }
            ],
            "hosted_zone_id": "Z3AQBSTGFYJSTF",
            "id": "cloudforgex-c8549e44",
            "lifecycle_rule": [],
            "logging": [],
            "object_lock_configuration": [],
            "object_lock_enabled": false,
            "policy": "{\"Statement\":[{\"Action\":\"s3:GetObject\",\"Condition\":{\"StringEquals\":{\"AWS:SourceArn\":\"arn:aws:cloudfront::533267010082:distribution/E29EOM0HQUDMC4\"}},\"Effect\":\"Allow\",\"Principal\":{\"Service\":\"cloudfront.amazonaws.com\"},\"Resource\":\"arn:aws:s3:::cloudforgex-c8549e44/*\"}],\"Version\":\"2008-10-17\"}",
            "region": "us-east-1",
            "replication_configuration": [],
            "request_payer": "BucketOwner",
            "server_side_encryption_configuration": [
              {
                "rule": [
                  {
                    "apply_server_side_encryption_by_default": [
                      {
                        "kms_master_key_id": "",
                        "sse_algorithm": "AES256"
                      }
                    ],
                    "bucket_key_enabled": false
                  }
                ]
              }
            ],
            "tags": {
              "Environment": "Dev",
              "Project_Name": "CloudForgeX"
            },
            "tags_all": {
              "Environment": "Dev",
              "Project_Name": "CloudForgeX"
            },
            "timeouts": null,
            "versioning": [
              {
                "enabled": false,
                "mfa_delete": false
              }
            ],
            "website": [],
            "website_domain": "s3-website-us-east-1.amazonaws.com",
            "website_endpoint": "cloudforgex-c8549e44.s3-website-us-east-1.amazonaws.com"
          },
          "sensitive_attributes": [],
          "identity_schema_version": 0,
          "identity": {
            "account_id": "533267010082",
            "bucket": "cloudforgex-c8549e44",
            "region": "us-east-1"
          },
          "private": "eyJlMmJmYjczMC1lY2FhLTExZTYtOGY4OC0zNDM2M2JjN2M0YzAiOnsiY3JlYXRlIjoxMjAwMDAwMDAwMDAwLCJkZWxldGUiOjM2MDAwMDAwMDAwMDAsInJlYWQiOjEyMDAwMDAwMDAwMDAsInVwZGF0ZSI6MTIwMDAwMDAwMDAwMH19",
          "dependencies": [
            "module.s3_bucket.random_id.s3_bucket_suffix"
          ]
        }
      ]
    },
    {
      "module": "module.s3_bucket",
      "mode": "managed",
      "type": "aws_s3_bucket_policy",
      "name": "cfx_oac_policy",
      "provider": "provider[\"registry.terraform.io/hashicorp/aws\"]",
      "instances": [
        {
          "schema_version": 0,
          "attributes": {
            "bucket": "cloudforgex-c8549e44",
            "id": "cloudforgex-c8549e44",
            "policy": "{\"Statement\":[{\"Action\":\"s3:GetObject\",\"Condition\":{\"StringEquals\":{\"AWS:SourceArn\":\"arn:aws:cloudfront::533267010082:distribution/E29EOM0HQUDMC4\"}},\"Effect\":\"Allow\",\"Principal\":{\"Service\":\"cloudfront.amazonaws.com\"},\"Resource\":\"arn:aws:s3:::cloudforgex-c8549e44/*\"}],\"Version\":\"2008-10-17\"}",
            "region": "us-east-1"
          },
          "sensitive_attributes": [],
          "identity_schema_version": 0,
          "private": "bnVsbA==",
          "dependencies": [
            "module.acm_certificate.aws_acm_certificate.cfx_acm_certificate",
            "module.acm_certificate.aws_acm_certificate_validation.cfx_cert_validation",
            "module.cloudfront.aws_cloudfront_distribution.cfx_distribution",
            "module.cloudfront.aws_cloudfront_origin_access_control.cfx_oac",
            "module.route53.aws_route53_record.cert_validation",
            "module.route53.data.aws_route53_zone.cfx_r53_zone",
            "module.s3_bucket.aws_s3_bucket.cfx_s3_bucket",
            "module.s3_bucket.random_id.s3_bucket_suffix"
          ]
        }
      ]
    },
    {
      "module": "module.s3_bucket",
      "mode": "managed",
      "type": "aws_s3_bucket_public_access_block",
      "name": "web_access_block",
      "provider": "provider[\"registry.terraform.io/hashicorp/aws\"]",
      "instances": [
        {
          "schema_version": 0,
          "attributes": {
            "block_public_acls": true,
            "block_public_policy": true,
            "bucket": "cloudforgex-c8549e44",
            "id": "cloudforgex-c8549e44",
            "ignore_public_acls": true,
            "region": "us-east-1",
            "restrict_public_buckets": true
          },
          "sensitive_attributes": [],
          "identity_schema_version": 0,
          "private": "bnVsbA==",
          "dependencies": [
            "module.s3_bucket.aws_s3_bucket.cfx_s3_bucket",
            "module.s3_bucket.random_id.s3_bucket_suffix"
          ]
        }
      ]
    },
    {
      "module": "module.s3_bucket",
      "mode": "managed",
      "type": "random_id",
      "name": "s3_bucket_suffix",
      "provider": "provider[\"registry.terraform.io/hashicorp/random\"]",
      "instances": [
        {
          "schema_version": 0,
          "attributes": {
            "b64_std": "yFSeRA==",
            "b64_url": "yFSeRA",
            "byte_length": 4,
            "dec": "3360988740",
            "hex": "c8549e44",
            "id": "yFSeRA",
            "keepers": null,
            "prefix": null
          },
          "sensitive_attributes": [],
          "identity_schema_version": 0
        }
      ]
    }
  ],
  "check_results": null
}
